// !$*UTF8*$!
{
	archiveVersion = 1;
	classes = {
	};
	objectVersion = 50;
	objects = {

/* Begin PBXBuildFile section */
		188BF671890FD0A0591F49F8 /* Pods_FantasyFieldSales.framework in Frameworks */ = {isa = PBXBuildFile; fileRef = 50B3EF2908C5E0638DE6EA76 /* Pods_FantasyFieldSales.framework */; };
		5A0A11B420A2EAFD00A0E887 /* LeagueTableMoreFooterView.swift in Sources */ = {isa = PBXBuildFile; fileRef = 5A0A11B320A2EAFD00A0E887 /* LeagueTableMoreFooterView.swift */; };
		5A0A11B620A2EB0C00A0E887 /* LeagueTableMoreFooterView.xib in Resources */ = {isa = PBXBuildFile; fileRef = 5A0A11B520A2EB0C00A0E887 /* LeagueTableMoreFooterView.xib */; };
		5A0A11B820A2FDD100A0E887 /* FullTableViewController.swift in Sources */ = {isa = PBXBuildFile; fileRef = 5A0A11B720A2FDD100A0E887 /* FullTableViewController.swift */; };
		5A0A11BA20A300B700A0E887 /* LeagueTableCell.xib in Resources */ = {isa = PBXBuildFile; fileRef = 5A0A11B920A300B700A0E887 /* LeagueTableCell.xib */; };
		5A0A11C220A31A5A00A0E887 /* DateExtension.swift in Sources */ = {isa = PBXBuildFile; fileRef = 5A0A11C120A31A5A00A0E887 /* DateExtension.swift */; };
		5A26C7B320A34B2C00B5AB44 /* ParallaxHeaderView.swift in Sources */ = {isa = PBXBuildFile; fileRef = 5A26C7B220A34B2C00B5AB44 /* ParallaxHeaderView.swift */; };
		5A26C7B520A3619500B5AB44 /* ContentViewController.swift in Sources */ = {isa = PBXBuildFile; fileRef = 5A26C7B420A3619500B5AB44 /* ContentViewController.swift */; };
		5A2C6E7E20BD919E00FE3595 /* MonthYearPickerView.xib in Resources */ = {isa = PBXBuildFile; fileRef = 5A2C6E7D20BD919E00FE3595 /* MonthYearPickerView.xib */; };
		5A2C6E8120BDADCE00FE3595 /* TitleView.xib in Resources */ = {isa = PBXBuildFile; fileRef = 5A2C6E8020BDADCE00FE3595 /* TitleView.xib */; };
		5A2C6E8320BDADDF00FE3595 /* TitleView.swift in Sources */ = {isa = PBXBuildFile; fileRef = 5A2C6E8220BDADDF00FE3595 /* TitleView.swift */; };
		5A2C716D20A98E7900CD26F0 /* FFSTableDataSource.swift in Sources */ = {isa = PBXBuildFile; fileRef = 5A2C716C20A98E7900CD26F0 /* FFSTableDataSource.swift */; };
		5A4D10D620AED813007B7879 /* FFSMenuDataSource.swift in Sources */ = {isa = PBXBuildFile; fileRef = 5A4D10D520AED813007B7879 /* FFSMenuDataSource.swift */; };
		5A4D10DA20AED8BD007B7879 /* MenuCell.swift in Sources */ = {isa = PBXBuildFile; fileRef = 5A4D10D820AED8BD007B7879 /* MenuCell.swift */; };
		5A4D10DB20AED8BD007B7879 /* MenuCell.xib in Resources */ = {isa = PBXBuildFile; fileRef = 5A4D10D920AED8BD007B7879 /* MenuCell.xib */; };
		5A4D10DD20AEDDD8007B7879 /* MenuAlert.swift in Sources */ = {isa = PBXBuildFile; fileRef = 5A4D10DC20AEDDD8007B7879 /* MenuAlert.swift */; };
		5A5896AD20A19AB100D6822F /* AppDelegate.swift in Sources */ = {isa = PBXBuildFile; fileRef = 5A5896AC20A19AB100D6822F /* AppDelegate.swift */; };
		5A5896B220A19AB100D6822F /* Main.storyboard in Resources */ = {isa = PBXBuildFile; fileRef = 5A5896B020A19AB100D6822F /* Main.storyboard */; };
		5A5896B420A19AB300D6822F /* Assets.xcassets in Resources */ = {isa = PBXBuildFile; fileRef = 5A5896B320A19AB300D6822F /* Assets.xcassets */; };
		5A5896B720A19AB300D6822F /* LaunchScreen.storyboard in Resources */ = {isa = PBXBuildFile; fileRef = 5A5896B520A19AB300D6822F /* LaunchScreen.storyboard */; };
		5A5896C020A19C0A00D6822F /* HomeViewController.swift in Sources */ = {isa = PBXBuildFile; fileRef = 5A5896BF20A19C0A00D6822F /* HomeViewController.swift */; };
		5A5896C420A1A11C00D6822F /* TeamViewController.swift in Sources */ = {isa = PBXBuildFile; fileRef = 5A5896C320A1A11C00D6822F /* TeamViewController.swift */; };
		5A5896C720A1A1D400D6822F /* ColorManager.swift in Sources */ = {isa = PBXBuildFile; fileRef = 5A5896C620A1A1D400D6822F /* ColorManager.swift */; };
		5A5896CA20A1A22200D6822F /* UIImageExtension.swift in Sources */ = {isa = PBXBuildFile; fileRef = 5A5896C920A1A22200D6822F /* UIImageExtension.swift */; };
		5A5896CC20A1A24700D6822F /* UIColorExtension.swift in Sources */ = {isa = PBXBuildFile; fileRef = 5A5896CB20A1A24700D6822F /* UIColorExtension.swift */; };
		5A5896CE20A1A28600D6822F /* Constants.swift in Sources */ = {isa = PBXBuildFile; fileRef = 5A5896CD20A1A28600D6822F /* Constants.swift */; };
		5A5896D120A1AE7A00D6822F /* LeagueTableCell.swift in Sources */ = {isa = PBXBuildFile; fileRef = 5A5896D020A1AE7A00D6822F /* LeagueTableCell.swift */; };
		5A5896D620A1B8B800D6822F /* LeagueTableHeaderView.xib in Resources */ = {isa = PBXBuildFile; fileRef = 5A5896D520A1B8B800D6822F /* LeagueTableHeaderView.xib */; };
		5A5896D820A1B8DD00D6822F /* LeagueTableHeaderView.swift in Sources */ = {isa = PBXBuildFile; fileRef = 5A5896D720A1B8DD00D6822F /* LeagueTableHeaderView.swift */; };
		5A5896DB20A1DE1F00D6822F /* HomePageViewController.swift in Sources */ = {isa = PBXBuildFile; fileRef = 5A5896D920A1DE1F00D6822F /* HomePageViewController.swift */; };
		5A62482520A9EA5800829DEB /* ColorExtension.swift in Sources */ = {isa = PBXBuildFile; fileRef = 5A62482420A9EA5800829DEB /* ColorExtension.swift */; };
		5A69B30920A5A156003CBB04 /* UIViewExtension.swift in Sources */ = {isa = PBXBuildFile; fileRef = 5A69B30820A5A156003CBB04 /* UIViewExtension.swift */; };
		5A6B7A3C20AC449000E154EF /* ContactsViewController.swift in Sources */ = {isa = PBXBuildFile; fileRef = 5A6B7A3B20AC449000E154EF /* ContactsViewController.swift */; };
		5A6B7A3E20AC734200E154EF /* MoreViewController.swift in Sources */ = {isa = PBXBuildFile; fileRef = 5A6B7A3D20AC734200E154EF /* MoreViewController.swift */; };
		5A6B7A4620AC74A600E154EF /* MoreCell.swift in Sources */ = {isa = PBXBuildFile; fileRef = 5A6B7A4420AC74A600E154EF /* MoreCell.swift */; };
		5A6B7A4720AC74A600E154EF /* MoreCell.xib in Resources */ = {isa = PBXBuildFile; fileRef = 5A6B7A4520AC74A600E154EF /* MoreCell.xib */; };
		5A7249CA20C017CE0046DC46 /* MainTabBar.swift in Sources */ = {isa = PBXBuildFile; fileRef = 5A7249C920C017CE0046DC46 /* MainTabBar.swift */; };
		5A7ABC9620AD7FB90011987B /* MoreCollectionViewLayout.swift in Sources */ = {isa = PBXBuildFile; fileRef = 5A7ABC9520AD7FB90011987B /* MoreCollectionViewLayout.swift */; };
		5A7ABC9820AD92AE0011987B /* FFSMoreDataSource.swift in Sources */ = {isa = PBXBuildFile; fileRef = 5A7ABC9720AD92AE0011987B /* FFSMoreDataSource.swift */; };
		5A7ABC9C20ADBE610011987B /* ModalViewExtension.swift in Sources */ = {isa = PBXBuildFile; fileRef = 5A7ABC9B20ADBE610011987B /* ModalViewExtension.swift */; };
		5A7ABC9E20ADBF210011987B /* CustomAlert.swift in Sources */ = {isa = PBXBuildFile; fileRef = 5A7ABC9D20ADBF210011987B /* CustomAlert.swift */; };
		5A7FD4C520B472A500A7D64E /* StringExtension.swift in Sources */ = {isa = PBXBuildFile; fileRef = 5A7FD4C420B472A500A7D64E /* StringExtension.swift */; };
		5A8DA93320A464D100C5D94D /* ToggleButtons.swift in Sources */ = {isa = PBXBuildFile; fileRef = 5A8DA93220A464D100C5D94D /* ToggleButtons.swift */; };
		5A8DA93520A4694000C5D94D /* NewsViewController.swift in Sources */ = {isa = PBXBuildFile; fileRef = 5A8DA93420A4694000C5D94D /* NewsViewController.swift */; };
		5A8F915120B84D0A00CC22F3 /* UIViewGestureExtension.swift in Sources */ = {isa = PBXBuildFile; fileRef = 5A8F915020B84D0A00CC22F3 /* UIViewGestureExtension.swift */; };
		5AA1D13820B5ABB000B2B63E /* TabDialog.swift in Sources */ = {isa = PBXBuildFile; fileRef = 5AA1D13720B5ABB000B2B63E /* TabDialog.swift */; };
		5AA1D13A20B5ABC200B2B63E /* TabDialog.xib in Resources */ = {isa = PBXBuildFile; fileRef = 5AA1D13920B5ABC200B2B63E /* TabDialog.xib */; };
		5AA1D13C20B5B29200B2B63E /* UIViewGestureExtensions.swift in Sources */ = {isa = PBXBuildFile; fileRef = 5AA1D13B20B5B29200B2B63E /* UIViewGestureExtensions.swift */; };
		5AA1D13E20B5BFB700B2B63E /* TabDialogAlert.swift in Sources */ = {isa = PBXBuildFile; fileRef = 5AA1D13D20B5BFB700B2B63E /* TabDialogAlert.swift */; };
		5AB2DA5920C5A0C900A76709 /* XYMarkerView.swift in Sources */ = {isa = PBXBuildFile; fileRef = 5AB2DA5820C5A0C900A76709 /* XYMarkerView.swift */; };
		5AB2DA5B20C5A0F200A76709 /* BalloonMarker.swift in Sources */ = {isa = PBXBuildFile; fileRef = 5AB2DA5A20C5A0F200A76709 /* BalloonMarker.swift */; };
		5AB4ED4620B30E6200608DA1 /* TeamData.swift in Sources */ = {isa = PBXBuildFile; fileRef = 5AB4ED4520B30E6200608DA1 /* TeamData.swift */; };
		5AC7D2BE20B6B78B00124A5D /* FFSDefaultDataSource.swift in Sources */ = {isa = PBXBuildFile; fileRef = 5AC7D2BD20B6B78B00124A5D /* FFSDefaultDataSource.swift */; };
		5AC7D2C420B6BF7B00124A5D /* DefaultCell.swift in Sources */ = {isa = PBXBuildFile; fileRef = 5AC7D2C220B6BF7B00124A5D /* DefaultCell.swift */; };
		5AC7D2C520B6BF7B00124A5D /* DefaultCell.xib in Resources */ = {isa = PBXBuildFile; fileRef = 5AC7D2C320B6BF7B00124A5D /* DefaultCell.xib */; };
		5AC86FAF20B410CB00D3BA0B /* CalendarBar.swift in Sources */ = {isa = PBXBuildFile; fileRef = 5AC86FAE20B410CB00D3BA0B /* CalendarBar.swift */; };
		5AC86FB120B410E000D3BA0B /* CalendarBar.xib in Resources */ = {isa = PBXBuildFile; fileRef = 5AC86FB020B410E000D3BA0B /* CalendarBar.xib */; };
		5AC86FB320B41CC100D3BA0B /* TestViewController.swift in Sources */ = {isa = PBXBuildFile; fileRef = 5AC86FB220B41CC100D3BA0B /* TestViewController.swift */; };
		5AC86FB820B4312100D3BA0B /* MonthYearPickerView.swift in Sources */ = {isa = PBXBuildFile; fileRef = 5AC86FB720B4312100D3BA0B /* MonthYearPickerView.swift */; };
		5AC86FBA20B4367200D3BA0B /* MonthYearAlert.swift in Sources */ = {isa = PBXBuildFile; fileRef = 5AC86FB920B4367200D3BA0B /* MonthYearAlert.swift */; };
		5AE1556020AB019700D25C07 /* ScrollTabView.xib in Resources */ = {isa = PBXBuildFile; fileRef = 5AE1555F20AB019700D25C07 /* ScrollTabView.xib */; };
		5AE1556220AB01B400D25C07 /* ScrollTabView.swift in Sources */ = {isa = PBXBuildFile; fileRef = 5AE1556120AB01B400D25C07 /* ScrollTabView.swift */; };
		5AE1556720AB01F400D25C07 /* ScrollTabCell.swift in Sources */ = {isa = PBXBuildFile; fileRef = 5AE1556520AB01F400D25C07 /* ScrollTabCell.swift */; };
		5AE1556820AB01F400D25C07 /* ScrollTabCell.xib in Resources */ = {isa = PBXBuildFile; fileRef = 5AE1556620AB01F400D25C07 /* ScrollTabCell.xib */; };
		5AE1558820AB3BC200D25C07 /* ChartViewController.swift in Sources */ = {isa = PBXBuildFile; fileRef = 5AE1558720AB3BC200D25C07 /* ChartViewController.swift */; };
/* End PBXBuildFile section */

/* Begin PBXFileReference section */
		24563EC146320117FAC8C6BE /* Pods-FantasyFieldSales.release.xcconfig */ = {isa = PBXFileReference; includeInIndex = 1; lastKnownFileType = text.xcconfig; name = "Pods-FantasyFieldSales.release.xcconfig"; path = "Pods/Target Support Files/Pods-FantasyFieldSales/Pods-FantasyFieldSales.release.xcconfig"; sourceTree = "<group>"; };
		46963D6DB0741903ACEA3DE8 /* Pods-FantasyFieldSales.debug.xcconfig */ = {isa = PBXFileReference; includeInIndex = 1; lastKnownFileType = text.xcconfig; name = "Pods-FantasyFieldSales.debug.xcconfig"; path = "Pods/Target Support Files/Pods-FantasyFieldSales/Pods-FantasyFieldSales.debug.xcconfig"; sourceTree = "<group>"; };
		50B3EF2908C5E0638DE6EA76 /* Pods_FantasyFieldSales.framework */ = {isa = PBXFileReference; explicitFileType = wrapper.framework; includeInIndex = 0; path = Pods_FantasyFieldSales.framework; sourceTree = BUILT_PRODUCTS_DIR; };
		5A0A11B320A2EAFD00A0E887 /* LeagueTableMoreFooterView.swift */ = {isa = PBXFileReference; lastKnownFileType = sourcecode.swift; path = LeagueTableMoreFooterView.swift; sourceTree = "<group>"; };
		5A0A11B520A2EB0C00A0E887 /* LeagueTableMoreFooterView.xib */ = {isa = PBXFileReference; lastKnownFileType = file.xib; path = LeagueTableMoreFooterView.xib; sourceTree = "<group>"; };
		5A0A11B720A2FDD100A0E887 /* FullTableViewController.swift */ = {isa = PBXFileReference; lastKnownFileType = sourcecode.swift; path = FullTableViewController.swift; sourceTree = "<group>"; };
		5A0A11B920A300B700A0E887 /* LeagueTableCell.xib */ = {isa = PBXFileReference; lastKnownFileType = file.xib; path = LeagueTableCell.xib; sourceTree = "<group>"; };
		5A0A11C120A31A5A00A0E887 /* DateExtension.swift */ = {isa = PBXFileReference; lastKnownFileType = sourcecode.swift; path = DateExtension.swift; sourceTree = "<group>"; };
		5A26C7B220A34B2C00B5AB44 /* ParallaxHeaderView.swift */ = {isa = PBXFileReference; lastKnownFileType = sourcecode.swift; path = ParallaxHeaderView.swift; sourceTree = "<group>"; };
		5A26C7B420A3619500B5AB44 /* ContentViewController.swift */ = {isa = PBXFileReference; lastKnownFileType = sourcecode.swift; path = ContentViewController.swift; sourceTree = "<group>"; };
		5A2C6E7D20BD919E00FE3595 /* MonthYearPickerView.xib */ = {isa = PBXFileReference; lastKnownFileType = file.xib; path = MonthYearPickerView.xib; sourceTree = "<group>"; };
		5A2C6E8020BDADCE00FE3595 /* TitleView.xib */ = {isa = PBXFileReference; lastKnownFileType = file.xib; path = TitleView.xib; sourceTree = "<group>"; };
		5A2C6E8220BDADDF00FE3595 /* TitleView.swift */ = {isa = PBXFileReference; lastKnownFileType = sourcecode.swift; path = TitleView.swift; sourceTree = "<group>"; };
		5A2C716C20A98E7900CD26F0 /* FFSTableDataSource.swift */ = {isa = PBXFileReference; lastKnownFileType = sourcecode.swift; path = FFSTableDataSource.swift; sourceTree = "<group>"; };
		5A4D10D520AED813007B7879 /* FFSMenuDataSource.swift */ = {isa = PBXFileReference; lastKnownFileType = sourcecode.swift; path = FFSMenuDataSource.swift; sourceTree = "<group>"; };
		5A4D10D820AED8BD007B7879 /* MenuCell.swift */ = {isa = PBXFileReference; lastKnownFileType = sourcecode.swift; path = MenuCell.swift; sourceTree = "<group>"; };
		5A4D10D920AED8BD007B7879 /* MenuCell.xib */ = {isa = PBXFileReference; lastKnownFileType = file.xib; path = MenuCell.xib; sourceTree = "<group>"; };
		5A4D10DC20AEDDD8007B7879 /* MenuAlert.swift */ = {isa = PBXFileReference; lastKnownFileType = sourcecode.swift; path = MenuAlert.swift; sourceTree = "<group>"; };
		5A5896A920A19AB100D6822F /* FantasyFieldSales.app */ = {isa = PBXFileReference; explicitFileType = wrapper.application; includeInIndex = 0; path = FantasyFieldSales.app; sourceTree = BUILT_PRODUCTS_DIR; };
		5A5896AC20A19AB100D6822F /* AppDelegate.swift */ = {isa = PBXFileReference; lastKnownFileType = sourcecode.swift; path = AppDelegate.swift; sourceTree = "<group>"; };
		5A5896B120A19AB100D6822F /* Base */ = {isa = PBXFileReference; lastKnownFileType = file.storyboard; name = Base; path = Base.lproj/Main.storyboard; sourceTree = "<group>"; };
		5A5896B320A19AB300D6822F /* Assets.xcassets */ = {isa = PBXFileReference; lastKnownFileType = folder.assetcatalog; path = Assets.xcassets; sourceTree = "<group>"; };
		5A5896B620A19AB300D6822F /* Base */ = {isa = PBXFileReference; lastKnownFileType = file.storyboard; name = Base; path = Base.lproj/LaunchScreen.storyboard; sourceTree = "<group>"; };
		5A5896B820A19AB300D6822F /* Info.plist */ = {isa = PBXFileReference; lastKnownFileType = text.plist.xml; path = Info.plist; sourceTree = "<group>"; };
		5A5896BF20A19C0A00D6822F /* HomeViewController.swift */ = {isa = PBXFileReference; lastKnownFileType = sourcecode.swift; path = HomeViewController.swift; sourceTree = "<group>"; };
		5A5896C320A1A11C00D6822F /* TeamViewController.swift */ = {isa = PBXFileReference; lastKnownFileType = sourcecode.swift; path = TeamViewController.swift; sourceTree = "<group>"; };
		5A5896C620A1A1D400D6822F /* ColorManager.swift */ = {isa = PBXFileReference; lastKnownFileType = sourcecode.swift; path = ColorManager.swift; sourceTree = "<group>"; };
		5A5896C920A1A22200D6822F /* UIImageExtension.swift */ = {isa = PBXFileReference; lastKnownFileType = sourcecode.swift; path = UIImageExtension.swift; sourceTree = "<group>"; };
		5A5896CB20A1A24700D6822F /* UIColorExtension.swift */ = {isa = PBXFileReference; lastKnownFileType = sourcecode.swift; path = UIColorExtension.swift; sourceTree = "<group>"; };
		5A5896CD20A1A28600D6822F /* Constants.swift */ = {isa = PBXFileReference; lastKnownFileType = sourcecode.swift; path = Constants.swift; sourceTree = "<group>"; };
		5A5896D020A1AE7A00D6822F /* LeagueTableCell.swift */ = {isa = PBXFileReference; lastKnownFileType = sourcecode.swift; path = LeagueTableCell.swift; sourceTree = "<group>"; };
		5A5896D520A1B8B800D6822F /* LeagueTableHeaderView.xib */ = {isa = PBXFileReference; lastKnownFileType = file.xib; path = LeagueTableHeaderView.xib; sourceTree = "<group>"; };
		5A5896D720A1B8DD00D6822F /* LeagueTableHeaderView.swift */ = {isa = PBXFileReference; lastKnownFileType = sourcecode.swift; path = LeagueTableHeaderView.swift; sourceTree = "<group>"; };
		5A5896D920A1DE1F00D6822F /* HomePageViewController.swift */ = {isa = PBXFileReference; lastKnownFileType = sourcecode.swift; path = HomePageViewController.swift; sourceTree = "<group>"; };
		5A62482420A9EA5800829DEB /* ColorExtension.swift */ = {isa = PBXFileReference; lastKnownFileType = sourcecode.swift; path = ColorExtension.swift; sourceTree = "<group>"; };
		5A69B30820A5A156003CBB04 /* UIViewExtension.swift */ = {isa = PBXFileReference; lastKnownFileType = sourcecode.swift; path = UIViewExtension.swift; sourceTree = "<group>"; };
		5A6B7A3B20AC449000E154EF /* ContactsViewController.swift */ = {isa = PBXFileReference; lastKnownFileType = sourcecode.swift; path = ContactsViewController.swift; sourceTree = "<group>"; };
		5A6B7A3D20AC734200E154EF /* MoreViewController.swift */ = {isa = PBXFileReference; lastKnownFileType = sourcecode.swift; path = MoreViewController.swift; sourceTree = "<group>"; };
		5A6B7A4420AC74A600E154EF /* MoreCell.swift */ = {isa = PBXFileReference; lastKnownFileType = sourcecode.swift; path = MoreCell.swift; sourceTree = "<group>"; };
		5A6B7A4520AC74A600E154EF /* MoreCell.xib */ = {isa = PBXFileReference; lastKnownFileType = file.xib; path = MoreCell.xib; sourceTree = "<group>"; };
		5A7249C920C017CE0046DC46 /* MainTabBar.swift */ = {isa = PBXFileReference; lastKnownFileType = sourcecode.swift; path = MainTabBar.swift; sourceTree = "<group>"; };
		5A7ABC9520AD7FB90011987B /* MoreCollectionViewLayout.swift */ = {isa = PBXFileReference; lastKnownFileType = sourcecode.swift; path = MoreCollectionViewLayout.swift; sourceTree = "<group>"; };
		5A7ABC9720AD92AE0011987B /* FFSMoreDataSource.swift */ = {isa = PBXFileReference; lastKnownFileType = sourcecode.swift; path = FFSMoreDataSource.swift; sourceTree = "<group>"; };
		5A7ABC9B20ADBE610011987B /* ModalViewExtension.swift */ = {isa = PBXFileReference; lastKnownFileType = sourcecode.swift; path = ModalViewExtension.swift; sourceTree = "<group>"; };
		5A7ABC9D20ADBF210011987B /* CustomAlert.swift */ = {isa = PBXFileReference; lastKnownFileType = sourcecode.swift; path = CustomAlert.swift; sourceTree = "<group>"; };
		5A7FD4C420B472A500A7D64E /* StringExtension.swift */ = {isa = PBXFileReference; lastKnownFileType = sourcecode.swift; path = StringExtension.swift; sourceTree = "<group>"; };
		5A8DA93220A464D100C5D94D /* ToggleButtons.swift */ = {isa = PBXFileReference; lastKnownFileType = sourcecode.swift; path = ToggleButtons.swift; sourceTree = "<group>"; };
		5A8DA93420A4694000C5D94D /* NewsViewController.swift */ = {isa = PBXFileReference; lastKnownFileType = sourcecode.swift; path = NewsViewController.swift; sourceTree = "<group>"; };
		5A8F915020B84D0A00CC22F3 /* UIViewGestureExtension.swift */ = {isa = PBXFileReference; lastKnownFileType = sourcecode.swift; path = UIViewGestureExtension.swift; sourceTree = "<group>"; };
		5AA1D13720B5ABB000B2B63E /* TabDialog.swift */ = {isa = PBXFileReference; lastKnownFileType = sourcecode.swift; path = TabDialog.swift; sourceTree = "<group>"; };
		5AA1D13920B5ABC200B2B63E /* TabDialog.xib */ = {isa = PBXFileReference; lastKnownFileType = file.xib; path = TabDialog.xib; sourceTree = "<group>"; };
		5AA1D13B20B5B29200B2B63E /* UIViewGestureExtensions.swift */ = {isa = PBXFileReference; lastKnownFileType = sourcecode.swift; path = UIViewGestureExtensions.swift; sourceTree = "<group>"; };
		5AA1D13D20B5BFB700B2B63E /* TabDialogAlert.swift */ = {isa = PBXFileReference; lastKnownFileType = sourcecode.swift; path = TabDialogAlert.swift; sourceTree = "<group>"; };
		5AB2DA5820C5A0C900A76709 /* XYMarkerView.swift */ = {isa = PBXFileReference; lastKnownFileType = sourcecode.swift; path = XYMarkerView.swift; sourceTree = "<group>"; };
		5AB2DA5A20C5A0F200A76709 /* BalloonMarker.swift */ = {isa = PBXFileReference; lastKnownFileType = sourcecode.swift; path = BalloonMarker.swift; sourceTree = "<group>"; };
		5AB4ED4520B30E6200608DA1 /* TeamData.swift */ = {isa = PBXFileReference; lastKnownFileType = sourcecode.swift; path = TeamData.swift; sourceTree = "<group>"; };
		5AC7D2BD20B6B78B00124A5D /* FFSDefaultDataSource.swift */ = {isa = PBXFileReference; lastKnownFileType = sourcecode.swift; path = FFSDefaultDataSource.swift; sourceTree = "<group>"; };
		5AC7D2C220B6BF7B00124A5D /* DefaultCell.swift */ = {isa = PBXFileReference; lastKnownFileType = sourcecode.swift; path = DefaultCell.swift; sourceTree = "<group>"; };
		5AC7D2C320B6BF7B00124A5D /* DefaultCell.xib */ = {isa = PBXFileReference; lastKnownFileType = file.xib; path = DefaultCell.xib; sourceTree = "<group>"; };
		5AC86FAE20B410CB00D3BA0B /* CalendarBar.swift */ = {isa = PBXFileReference; lastKnownFileType = sourcecode.swift; path = CalendarBar.swift; sourceTree = "<group>"; };
		5AC86FB020B410E000D3BA0B /* CalendarBar.xib */ = {isa = PBXFileReference; lastKnownFileType = file.xib; path = CalendarBar.xib; sourceTree = "<group>"; };
		5AC86FB220B41CC100D3BA0B /* TestViewController.swift */ = {isa = PBXFileReference; lastKnownFileType = sourcecode.swift; path = TestViewController.swift; sourceTree = "<group>"; };
		5AC86FB720B4312100D3BA0B /* MonthYearPickerView.swift */ = {isa = PBXFileReference; lastKnownFileType = sourcecode.swift; path = MonthYearPickerView.swift; sourceTree = "<group>"; };
		5AC86FB920B4367200D3BA0B /* MonthYearAlert.swift */ = {isa = PBXFileReference; lastKnownFileType = sourcecode.swift; path = MonthYearAlert.swift; sourceTree = "<group>"; };
		5AE1555F20AB019700D25C07 /* ScrollTabView.xib */ = {isa = PBXFileReference; lastKnownFileType = file.xib; path = ScrollTabView.xib; sourceTree = "<group>"; };
		5AE1556120AB01B400D25C07 /* ScrollTabView.swift */ = {isa = PBXFileReference; lastKnownFileType = sourcecode.swift; path = ScrollTabView.swift; sourceTree = "<group>"; };
		5AE1556520AB01F400D25C07 /* ScrollTabCell.swift */ = {isa = PBXFileReference; lastKnownFileType = sourcecode.swift; path = ScrollTabCell.swift; sourceTree = "<group>"; };
		5AE1556620AB01F400D25C07 /* ScrollTabCell.xib */ = {isa = PBXFileReference; lastKnownFileType = file.xib; path = ScrollTabCell.xib; sourceTree = "<group>"; };
		5AE1558720AB3BC200D25C07 /* ChartViewController.swift */ = {isa = PBXFileReference; lastKnownFileType = sourcecode.swift; path = ChartViewController.swift; sourceTree = "<group>"; };
/* End PBXFileReference section */

/* Begin PBXFrameworksBuildPhase section */
		5A5896A620A19AB100D6822F /* Frameworks */ = {
			isa = PBXFrameworksBuildPhase;
			buildActionMask = 2147483647;
			files = (
				188BF671890FD0A0591F49F8 /* Pods_FantasyFieldSales.framework in Frameworks */,
			);
			runOnlyForDeploymentPostprocessing = 0;
		};
/* End PBXFrameworksBuildPhase section */

/* Begin PBXGroup section */
		5A2C6E7F20BDAD8B00FE3595 /* TitleView */ = {
			isa = PBXGroup;
			children = (
				5A2C6E8220BDADDF00FE3595 /* TitleView.swift */,
				5A2C6E8020BDADCE00FE3595 /* TitleView.xib */,
			);
			path = TitleView;
			sourceTree = "<group>";
		};
		5A4D10D720AED8A9007B7879 /* Menu */ = {
			isa = PBXGroup;
			children = (
				5A4D10D820AED8BD007B7879 /* MenuCell.swift */,
				5A4D10D920AED8BD007B7879 /* MenuCell.xib */,
			);
			path = Menu;
			sourceTree = "<group>";
		};
		5A5896A020A19AB100D6822F = {
			isa = PBXGroup;
			children = (
				5A5896AB20A19AB100D6822F /* FantasyFieldSales */,
				5A5896AA20A19AB100D6822F /* Products */,
				A4B73699FB5274774B417F7C /* Pods */,
				BEA4EF584AC44A4767B9027A /* Frameworks */,
			);
			sourceTree = "<group>";
		};
		5A5896AA20A19AB100D6822F /* Products */ = {
			isa = PBXGroup;
			children = (
				5A5896A920A19AB100D6822F /* FantasyFieldSales.app */,
			);
			name = Products;
			sourceTree = "<group>";
		};
		5A5896AB20A19AB100D6822F /* FantasyFieldSales */ = {
			isa = PBXGroup;
			children = (
				5AC86FB620B4310100D3BA0B /* Component */,
				5AB4ED4320B30D8700608DA1 /* Realm */,
				5A5896AC20A19AB100D6822F /* AppDelegate.swift */,
				5A5896B020A19AB100D6822F /* Main.storyboard */,
				5A5896B320A19AB300D6822F /* Assets.xcassets */,
				5A5896B820A19AB300D6822F /* Info.plist */,
				5A5896B520A19AB300D6822F /* LaunchScreen.storyboard */,
				5A5896C520A1A19000D6822F /* Managers */,
				5AE1557D20AB381D00D25C07 /* SupportingFiles */,
				5A7ABC9420AD7F7E0011987B /* Layout */,
				5AEF009E20A9DAA6000BEFF0 /* TableViewDataSource */,
				5A5896D420A1B89200D6822F /* View */,
				5A5896C820A1A20100D6822F /* Extensions */,
				5A5896BE20A19BE400D6822F /* ViewController */,
				5A8DA93120A4648A00C5D94D /* UI */,
			);
			path = FantasyFieldSales;
			sourceTree = "<group>";
		};
		5A5896BE20A19BE400D6822F /* ViewController */ = {
			isa = PBXGroup;
			children = (
				5A5896BF20A19C0A00D6822F /* HomeViewController.swift */,
				5A5896C320A1A11C00D6822F /* TeamViewController.swift */,
				5A5896D920A1DE1F00D6822F /* HomePageViewController.swift */,
				5A8DA93420A4694000C5D94D /* NewsViewController.swift */,
				5A0A11B720A2FDD100A0E887 /* FullTableViewController.swift */,
				5A26C7B420A3619500B5AB44 /* ContentViewController.swift */,
				5AE1558720AB3BC200D25C07 /* ChartViewController.swift */,
				5A6B7A3B20AC449000E154EF /* ContactsViewController.swift */,
				5A6B7A3D20AC734200E154EF /* MoreViewController.swift */,
				5AC86FB220B41CC100D3BA0B /* TestViewController.swift */,
			);
			path = ViewController;
			sourceTree = "<group>";
		};
		5A5896C520A1A19000D6822F /* Managers */ = {
			isa = PBXGroup;
			children = (
				5A5896C620A1A1D400D6822F /* ColorManager.swift */,
				5A5896CD20A1A28600D6822F /* Constants.swift */,
			);
			path = Managers;
			sourceTree = "<group>";
		};
		5A5896C820A1A20100D6822F /* Extensions */ = {
			isa = PBXGroup;
			children = (
				5A5896C920A1A22200D6822F /* UIImageExtension.swift */,
				5A5896CB20A1A24700D6822F /* UIColorExtension.swift */,
				5A0A11C120A31A5A00A0E887 /* DateExtension.swift */,
				5A69B30820A5A156003CBB04 /* UIViewExtension.swift */,
				5A62482420A9EA5800829DEB /* ColorExtension.swift */,
				5A7ABC9B20ADBE610011987B /* ModalViewExtension.swift */,
				5A7FD4C420B472A500A7D64E /* StringExtension.swift */,
				5AA1D13B20B5B29200B2B63E /* UIViewGestureExtensions.swift */,
				5A8F915020B84D0A00CC22F3 /* UIViewGestureExtension.swift */,
			);
			path = Extensions;
			sourceTree = "<group>";
		};
		5A5896D420A1B89200D6822F /* View */ = {
			isa = PBXGroup;
			children = (
				5A2C6E7F20BDAD8B00FE3595 /* TitleView */,
				5AC7D2BF20B6BED100124A5D /* CustomCells */,
				5AE1555E20AB016500D25C07 /* ScrollTabView */,
				5AA1D13620B5AB0300B2B63E /* TabDialog */,
				5AC86FAD20B410A000D3BA0B /* Calendar */,
				5A7ABC9A20ADBDF30011987B /* Alert */,
				5A26C7B220A34B2C00B5AB44 /* ParallaxHeaderView.swift */,
				5A7249C920C017CE0046DC46 /* MainTabBar.swift */,
			);
			path = View;
			sourceTree = "<group>";
		};
		5A60235520BD8457006230A2 /* DatePicker */ = {
			isa = PBXGroup;
			children = (
			);
			path = DatePicker;
			sourceTree = "<group>";
		};
		5A6B7A3F20AC746500E154EF /* More */ = {
			isa = PBXGroup;
			children = (
				5A6B7A4420AC74A600E154EF /* MoreCell.swift */,
				5A6B7A4520AC74A600E154EF /* MoreCell.xib */,
			);
			path = More;
			sourceTree = "<group>";
		};
		5A7ABC9420AD7F7E0011987B /* Layout */ = {
			isa = PBXGroup;
			children = (
				5A7ABC9520AD7FB90011987B /* MoreCollectionViewLayout.swift */,
			);
			path = Layout;
			sourceTree = "<group>";
		};
		5A7ABC9A20ADBDF30011987B /* Alert */ = {
			isa = PBXGroup;
			children = (
				5A7ABC9D20ADBF210011987B /* CustomAlert.swift */,
				5AC86FB920B4367200D3BA0B /* MonthYearAlert.swift */,
				5A4D10DC20AEDDD8007B7879 /* MenuAlert.swift */,
				5AA1D13D20B5BFB700B2B63E /* TabDialogAlert.swift */,
			);
			path = Alert;
			sourceTree = "<group>";
		};
		5A8DA93120A4648A00C5D94D /* UI */ = {
			isa = PBXGroup;
			children = (
				5A8DA93220A464D100C5D94D /* ToggleButtons.swift */,
			);
			path = UI;
			sourceTree = "<group>";
		};
		5AA1D13620B5AB0300B2B63E /* TabDialog */ = {
			isa = PBXGroup;
			children = (
				5AA1D13720B5ABB000B2B63E /* TabDialog.swift */,
				5AA1D13920B5ABC200B2B63E /* TabDialog.xib */,
			);
			path = TabDialog;
			sourceTree = "<group>";
		};
		5AB2DA5720C5A0A900A76709 /* Chart */ = {
			isa = PBXGroup;
			children = (
				5AB2DA5820C5A0C900A76709 /* XYMarkerView.swift */,
				5AB2DA5A20C5A0F200A76709 /* BalloonMarker.swift */,
			);
			path = Chart;
			sourceTree = "<group>";
		};
		5AB4ED4320B30D8700608DA1 /* Realm */ = {
			isa = PBXGroup;
			children = (
				5AB4ED4420B30D9400608DA1 /* Model */,
			);
			path = Realm;
			sourceTree = "<group>";
		};
		5AB4ED4420B30D9400608DA1 /* Model */ = {
			isa = PBXGroup;
			children = (
				5AB4ED4520B30E6200608DA1 /* TeamData.swift */,
			);
			path = Model;
			sourceTree = "<group>";
		};
		5AC7D2BF20B6BED100124A5D /* CustomCells */ = {
			isa = PBXGroup;
			children = (
				5AC7D2C120B6BF4400124A5D /* Default */,
				5AC7D2C020B6BF0300124A5D /* LeagueTable */,
				5A6B7A3F20AC746500E154EF /* More */,
				5A4D10D720AED8A9007B7879 /* Menu */,
			);
			path = CustomCells;
			sourceTree = "<group>";
		};
		5AC7D2C020B6BF0300124A5D /* LeagueTable */ = {
			isa = PBXGroup;
			children = (
				5A5896D020A1AE7A00D6822F /* LeagueTableCell.swift */,
				5A0A11B920A300B700A0E887 /* LeagueTableCell.xib */,
				5A5896D720A1B8DD00D6822F /* LeagueTableHeaderView.swift */,
				5A5896D520A1B8B800D6822F /* LeagueTableHeaderView.xib */,
				5A0A11B320A2EAFD00A0E887 /* LeagueTableMoreFooterView.swift */,
				5A0A11B520A2EB0C00A0E887 /* LeagueTableMoreFooterView.xib */,
			);
			path = LeagueTable;
			sourceTree = "<group>";
		};
		5AC7D2C120B6BF4400124A5D /* Default */ = {
			isa = PBXGroup;
			children = (
				5AC7D2C220B6BF7B00124A5D /* DefaultCell.swift */,
				5AC7D2C320B6BF7B00124A5D /* DefaultCell.xib */,
			);
			path = Default;
			sourceTree = "<group>";
		};
		5AC86FAD20B410A000D3BA0B /* Calendar */ = {
			isa = PBXGroup;
			children = (
				5AC86FAE20B410CB00D3BA0B /* CalendarBar.swift */,
				5AC86FB020B410E000D3BA0B /* CalendarBar.xib */,
			);
			path = Calendar;
			sourceTree = "<group>";
		};
		5AC86FB620B4310100D3BA0B /* Component */ = {
			isa = PBXGroup;
			children = (
				5AB2DA5720C5A0A900A76709 /* Chart */,
				5A60235520BD8457006230A2 /* DatePicker */,
				5AC86FB720B4312100D3BA0B /* MonthYearPickerView.swift */,
				5A2C6E7D20BD919E00FE3595 /* MonthYearPickerView.xib */,
			);
			path = Component;
			sourceTree = "<group>";
		};
		5AE1555E20AB016500D25C07 /* ScrollTabView */ = {
			isa = PBXGroup;
			children = (
				5AE1556120AB01B400D25C07 /* ScrollTabView.swift */,
				5AE1555F20AB019700D25C07 /* ScrollTabView.xib */,
				5AE1556520AB01F400D25C07 /* ScrollTabCell.swift */,
				5AE1556620AB01F400D25C07 /* ScrollTabCell.xib */,
			);
			path = ScrollTabView;
			sourceTree = "<group>";
		};
		5AE1557D20AB381D00D25C07 /* SupportingFiles */ = {
			isa = PBXGroup;
			children = (
			);
			path = SupportingFiles;
			sourceTree = "<group>";
		};
		5AEF009E20A9DAA6000BEFF0 /* TableViewDataSource */ = {
			isa = PBXGroup;
			children = (
				5A2C716C20A98E7900CD26F0 /* FFSTableDataSource.swift */,
				5A7ABC9720AD92AE0011987B /* FFSMoreDataSource.swift */,
				5A4D10D520AED813007B7879 /* FFSMenuDataSource.swift */,
				5AC7D2BD20B6B78B00124A5D /* FFSDefaultDataSource.swift */,
			);
			path = TableViewDataSource;
			sourceTree = "<group>";
		};
		A4B73699FB5274774B417F7C /* Pods */ = {
			isa = PBXGroup;
			children = (
				46963D6DB0741903ACEA3DE8 /* Pods-FantasyFieldSales.debug.xcconfig */,
				24563EC146320117FAC8C6BE /* Pods-FantasyFieldSales.release.xcconfig */,
			);
			name = Pods;
			sourceTree = "<group>";
		};
		BEA4EF584AC44A4767B9027A /* Frameworks */ = {
			isa = PBXGroup;
			children = (
				50B3EF2908C5E0638DE6EA76 /* Pods_FantasyFieldSales.framework */,
			);
			name = Frameworks;
			sourceTree = "<group>";
		};
/* End PBXGroup section */

/* Begin PBXNativeTarget section */
		5A5896A820A19AB100D6822F /* FantasyFieldSales */ = {
			isa = PBXNativeTarget;
			buildConfigurationList = 5A5896BB20A19AB300D6822F /* Build configuration list for PBXNativeTarget "FantasyFieldSales" */;
			buildPhases = (
				946B486B7E506AEAC3C9F2EC /* [CP] Check Pods Manifest.lock */,
				5A5896A520A19AB100D6822F /* Sources */,
				5A5896A620A19AB100D6822F /* Frameworks */,
				5A5896A720A19AB100D6822F /* Resources */,
				99A43D7B3973519E47AD6C3A /* [CP] Embed Pods Frameworks */,
			);
			buildRules = (
			);
			dependencies = (
			);
			name = FantasyFieldSales;
			productName = Diageo;
			productReference = 5A5896A920A19AB100D6822F /* FantasyFieldSales.app */;
			productType = "com.apple.product-type.application";
		};
/* End PBXNativeTarget section */

/* Begin PBXProject section */
		5A5896A120A19AB100D6822F /* Project object */ = {
			isa = PBXProject;
			attributes = {
				LastSwiftUpdateCheck = 0930;
				LastUpgradeCheck = 0930;
				ORGANIZATIONNAME = CeeBee;
				TargetAttributes = {
					5A5896A820A19AB100D6822F = {
						CreatedOnToolsVersion = 9.3;
					};
				};
			};
			buildConfigurationList = 5A5896A420A19AB100D6822F /* Build configuration list for PBXProject "FantasyFieldSales" */;
			compatibilityVersion = "Xcode 9.3";
			developmentRegion = en;
			hasScannedForEncodings = 0;
			knownRegions = (
				en,
				Base,
			);
			mainGroup = 5A5896A020A19AB100D6822F;
			productRefGroup = 5A5896AA20A19AB100D6822F /* Products */;
			projectDirPath = "";
			projectRoot = "";
			targets = (
				5A5896A820A19AB100D6822F /* FantasyFieldSales */,
			);
		};
/* End PBXProject section */

/* Begin PBXResourcesBuildPhase section */
		5A5896A720A19AB100D6822F /* Resources */ = {
			isa = PBXResourcesBuildPhase;
			buildActionMask = 2147483647;
			files = (
				5A5896B720A19AB300D6822F /* LaunchScreen.storyboard in Resources */,
				5A5896D620A1B8B800D6822F /* LeagueTableHeaderView.xib in Resources */,
				5A5896B420A19AB300D6822F /* Assets.xcassets in Resources */,
				5AE1556020AB019700D25C07 /* ScrollTabView.xib in Resources */,
				5A4D10DB20AED8BD007B7879 /* MenuCell.xib in Resources */,
				5AA1D13A20B5ABC200B2B63E /* TabDialog.xib in Resources */,
				5A2C6E7E20BD919E00FE3595 /* MonthYearPickerView.xib in Resources */,
				5A0A11B620A2EB0C00A0E887 /* LeagueTableMoreFooterView.xib in Resources */,
				5A2C6E8120BDADCE00FE3595 /* TitleView.xib in Resources */,
				5A6B7A4720AC74A600E154EF /* MoreCell.xib in Resources */,
				5A5896B220A19AB100D6822F /* Main.storyboard in Resources */,
				5A0A11BA20A300B700A0E887 /* LeagueTableCell.xib in Resources */,
				5AE1556820AB01F400D25C07 /* ScrollTabCell.xib in Resources */,
				5AC86FB120B410E000D3BA0B /* CalendarBar.xib in Resources */,
				5AC7D2C520B6BF7B00124A5D /* DefaultCell.xib in Resources */,
			);
			runOnlyForDeploymentPostprocessing = 0;
		};
/* End PBXResourcesBuildPhase section */

/* Begin PBXShellScriptBuildPhase section */
		946B486B7E506AEAC3C9F2EC /* [CP] Check Pods Manifest.lock */ = {
			isa = PBXShellScriptBuildPhase;
			buildActionMask = 2147483647;
			files = (
			);
			inputPaths = (
				"${PODS_PODFILE_DIR_PATH}/Podfile.lock",
				"${PODS_ROOT}/Manifest.lock",
			);
			name = "[CP] Check Pods Manifest.lock";
			outputPaths = (
				"$(DERIVED_FILE_DIR)/Pods-FantasyFieldSales-checkManifestLockResult.txt",
			);
			runOnlyForDeploymentPostprocessing = 0;
			shellPath = /bin/sh;
			shellScript = "diff \"${PODS_PODFILE_DIR_PATH}/Podfile.lock\" \"${PODS_ROOT}/Manifest.lock\" > /dev/null\nif [ $? != 0 ] ; then\n    # print error to STDERR\n    echo \"error: The sandbox is not in sync with the Podfile.lock. Run 'pod install' or update your CocoaPods installation.\" >&2\n    exit 1\nfi\n# This output is used by Xcode 'outputs' to avoid re-running this script phase.\necho \"SUCCESS\" > \"${SCRIPT_OUTPUT_FILE_0}\"\n";
			showEnvVarsInLog = 0;
		};
		99A43D7B3973519E47AD6C3A /* [CP] Embed Pods Frameworks */ = {
			isa = PBXShellScriptBuildPhase;
			buildActionMask = 2147483647;
			files = (
			);
			inputPaths = (
				"${SRCROOT}/Pods/Target Support Files/Pods-FantasyFieldSales/Pods-FantasyFieldSales-frameworks.sh",
				"${BUILT_PRODUCTS_DIR}/Alamofire/Alamofire.framework",
				"${BUILT_PRODUCTS_DIR}/AlamofireObjectMapper/AlamofireObjectMapper.framework",
				"${BUILT_PRODUCTS_DIR}/Charts/Charts.framework",
				"${BUILT_PRODUCTS_DIR}/Dip/Dip.framework",
				"${BUILT_PRODUCTS_DIR}/ObjectMapper/ObjectMapper.framework",
				"${BUILT_PRODUCTS_DIR}/Realm/Realm.framework",
				"${BUILT_PRODUCTS_DIR}/RealmSwift/RealmSwift.framework",
			);
			name = "[CP] Embed Pods Frameworks";
			outputPaths = (
				"${TARGET_BUILD_DIR}/${FRAMEWORKS_FOLDER_PATH}/Alamofire.framework",
				"${TARGET_BUILD_DIR}/${FRAMEWORKS_FOLDER_PATH}/AlamofireObjectMapper.framework",
				"${TARGET_BUILD_DIR}/${FRAMEWORKS_FOLDER_PATH}/Charts.framework",
				"${TARGET_BUILD_DIR}/${FRAMEWORKS_FOLDER_PATH}/Dip.framework",
				"${TARGET_BUILD_DIR}/${FRAMEWORKS_FOLDER_PATH}/ObjectMapper.framework",
				"${TARGET_BUILD_DIR}/${FRAMEWORKS_FOLDER_PATH}/Realm.framework",
				"${TARGET_BUILD_DIR}/${FRAMEWORKS_FOLDER_PATH}/RealmSwift.framework",
			);
			runOnlyForDeploymentPostprocessing = 0;
			shellPath = /bin/sh;
			shellScript = "\"${SRCROOT}/Pods/Target Support Files/Pods-FantasyFieldSales/Pods-FantasyFieldSales-frameworks.sh\"\n";
			showEnvVarsInLog = 0;
		};
/* End PBXShellScriptBuildPhase section */

/* Begin PBXSourcesBuildPhase section */
		5A5896A520A19AB100D6822F /* Sources */ = {
			isa = PBXSourcesBuildPhase;
			buildActionMask = 2147483647;
			files = (
				5A0A11C220A31A5A00A0E887 /* DateExtension.swift in Sources */,
				5A8F915120B84D0A00CC22F3 /* UIViewGestureExtension.swift in Sources */,
				5AE1558820AB3BC200D25C07 /* ChartViewController.swift in Sources */,
				5A8DA93320A464D100C5D94D /* ToggleButtons.swift in Sources */,
				5A0A11B420A2EAFD00A0E887 /* LeagueTableMoreFooterView.swift in Sources */,
				5A0A11B820A2FDD100A0E887 /* FullTableViewController.swift in Sources */,
				5A6B7A3E20AC734200E154EF /* MoreViewController.swift in Sources */,
				5AC86FBA20B4367200D3BA0B /* MonthYearAlert.swift in Sources */,
				5A7ABC9C20ADBE610011987B /* ModalViewExtension.swift in Sources */,
				5A6B7A3C20AC449000E154EF /* ContactsViewController.swift in Sources */,
				5A5896D120A1AE7A00D6822F /* LeagueTableCell.swift in Sources */,
				5AB2DA5920C5A0C900A76709 /* XYMarkerView.swift in Sources */,
				5A7ABC9E20ADBF210011987B /* CustomAlert.swift in Sources */,
				5A7FD4C520B472A500A7D64E /* StringExtension.swift in Sources */,
				5A2C716D20A98E7900CD26F0 /* FFSTableDataSource.swift in Sources */,
				5AC7D2C420B6BF7B00124A5D /* DefaultCell.swift in Sources */,
				5A2C6E8320BDADDF00FE3595 /* TitleView.swift in Sources */,
				5A26C7B520A3619500B5AB44 /* ContentViewController.swift in Sources */,
				5AE1556220AB01B400D25C07 /* ScrollTabView.swift in Sources */,
				5AA1D13C20B5B29200B2B63E /* UIViewGestureExtensions.swift in Sources */,
				5A5896DB20A1DE1F00D6822F /* HomePageViewController.swift in Sources */,
				5A5896CA20A1A22200D6822F /* UIImageExtension.swift in Sources */,
				5A26C7B320A34B2C00B5AB44 /* ParallaxHeaderView.swift in Sources */,
				5A69B30920A5A156003CBB04 /* UIViewExtension.swift in Sources */,
				5A5896CC20A1A24700D6822F /* UIColorExtension.swift in Sources */,
				5A7ABC9620AD7FB90011987B /* MoreCollectionViewLayout.swift in Sources */,
				5A5896AD20A19AB100D6822F /* AppDelegate.swift in Sources */,
				5AB2DA5B20C5A0F200A76709 /* BalloonMarker.swift in Sources */,
				5AE1556720AB01F400D25C07 /* ScrollTabCell.swift in Sources */,
				5A4D10DD20AEDDD8007B7879 /* MenuAlert.swift in Sources */,
				5A7ABC9820AD92AE0011987B /* FFSMoreDataSource.swift in Sources */,
				5A4D10D620AED813007B7879 /* FFSMenuDataSource.swift in Sources */,
				5A5896C720A1A1D400D6822F /* ColorManager.swift in Sources */,
				5A5896C020A19C0A00D6822F /* HomeViewController.swift in Sources */,
				5A6B7A4620AC74A600E154EF /* MoreCell.swift in Sources */,
				5AA1D13E20B5BFB700B2B63E /* TabDialogAlert.swift in Sources */,
				5AC7D2BE20B6B78B00124A5D /* FFSDefaultDataSource.swift in Sources */,
				5A5896D820A1B8DD00D6822F /* LeagueTableHeaderView.swift in Sources */,
				5A8DA93520A4694000C5D94D /* NewsViewController.swift in Sources */,
				5A5896C420A1A11C00D6822F /* TeamViewController.swift in Sources */,
				5AB4ED4620B30E6200608DA1 /* TeamData.swift in Sources */,
				5AA1D13820B5ABB000B2B63E /* TabDialog.swift in Sources */,
				5A5896CE20A1A28600D6822F /* Constants.swift in Sources */,
				5A7249CA20C017CE0046DC46 /* MainTabBar.swift in Sources */,
				5A4D10DA20AED8BD007B7879 /* MenuCell.swift in Sources */,
				5AC86FAF20B410CB00D3BA0B /* CalendarBar.swift in Sources */,
				5AC86FB320B41CC100D3BA0B /* TestViewController.swift in Sources */,
				5AC86FB820B4312100D3BA0B /* MonthYearPickerView.swift in Sources */,
				5A62482520A9EA5800829DEB /* ColorExtension.swift in Sources */,
			);
			runOnlyForDeploymentPostprocessing = 0;
		};
/* End PBXSourcesBuildPhase section */

/* Begin PBXVariantGroup section */
		5A5896B020A19AB100D6822F /* Main.storyboard */ = {
			isa = PBXVariantGroup;
			children = (
				5A5896B120A19AB100D6822F /* Base */,
			);
			name = Main.storyboard;
			sourceTree = "<group>";
		};
		5A5896B520A19AB300D6822F /* LaunchScreen.storyboard */ = {
			isa = PBXVariantGroup;
			children = (
				5A5896B620A19AB300D6822F /* Base */,
			);
			name = LaunchScreen.storyboard;
			sourceTree = "<group>";
		};
/* End PBXVariantGroup section */

/* Begin XCBuildConfiguration section */
		5A5896B920A19AB300D6822F /* Debug */ = {
			isa = XCBuildConfiguration;
			buildSettings = {
				ALWAYS_SEARCH_USER_PATHS = NO;
				CLANG_ANALYZER_NONNULL = YES;
				CLANG_ANALYZER_NUMBER_OBJECT_CONVERSION = YES_AGGRESSIVE;
				CLANG_CXX_LANGUAGE_STANDARD = "gnu++14";
				CLANG_CXX_LIBRARY = "libc++";
				CLANG_ENABLE_MODULES = YES;
				CLANG_ENABLE_OBJC_ARC = YES;
				CLANG_ENABLE_OBJC_WEAK = YES;
				CLANG_WARN_BLOCK_CAPTURE_AUTORELEASING = YES;
				CLANG_WARN_BOOL_CONVERSION = YES;
				CLANG_WARN_COMMA = YES;
				CLANG_WARN_CONSTANT_CONVERSION = YES;
				CLANG_WARN_DEPRECATED_OBJC_IMPLEMENTATIONS = YES;
				CLANG_WARN_DIRECT_OBJC_ISA_USAGE = YES_ERROR;
				CLANG_WARN_DOCUMENTATION_COMMENTS = YES;
				CLANG_WARN_EMPTY_BODY = YES;
				CLANG_WARN_ENUM_CONVERSION = YES;
				CLANG_WARN_INFINITE_RECURSION = YES;
				CLANG_WARN_INT_CONVERSION = YES;
				CLANG_WARN_NON_LITERAL_NULL_CONVERSION = YES;
				CLANG_WARN_OBJC_IMPLICIT_RETAIN_SELF = YES;
				CLANG_WARN_OBJC_LITERAL_CONVERSION = YES;
				CLANG_WARN_OBJC_ROOT_CLASS = YES_ERROR;
				CLANG_WARN_RANGE_LOOP_ANALYSIS = YES;
				CLANG_WARN_STRICT_PROTOTYPES = YES;
				CLANG_WARN_SUSPICIOUS_MOVE = YES;
				CLANG_WARN_UNGUARDED_AVAILABILITY = YES_AGGRESSIVE;
				CLANG_WARN_UNREACHABLE_CODE = YES;
				CLANG_WARN__DUPLICATE_METHOD_MATCH = YES;
				CODE_SIGN_IDENTITY = "iPhone Developer";
				COPY_PHASE_STRIP = NO;
				DEBUG_INFORMATION_FORMAT = dwarf;
				ENABLE_STRICT_OBJC_MSGSEND = YES;
				ENABLE_TESTABILITY = YES;
				GCC_C_LANGUAGE_STANDARD = gnu11;
				GCC_DYNAMIC_NO_PIC = NO;
				GCC_NO_COMMON_BLOCKS = YES;
				GCC_OPTIMIZATION_LEVEL = 0;
				GCC_PREPROCESSOR_DEFINITIONS = (
					"DEBUG=1",
					"$(inherited)",
				);
				GCC_WARN_64_TO_32_BIT_CONVERSION = YES;
				GCC_WARN_ABOUT_RETURN_TYPE = YES_ERROR;
				GCC_WARN_UNDECLARED_SELECTOR = YES;
				GCC_WARN_UNINITIALIZED_AUTOS = YES_AGGRESSIVE;
				GCC_WARN_UNUSED_FUNCTION = YES;
				GCC_WARN_UNUSED_VARIABLE = YES;
				IPHONEOS_DEPLOYMENT_TARGET = 11.3;
				MTL_ENABLE_DEBUG_INFO = YES;
				ONLY_ACTIVE_ARCH = YES;
				SDKROOT = iphoneos;
				SWIFT_ACTIVE_COMPILATION_CONDITIONS = DEBUG;
				SWIFT_OPTIMIZATION_LEVEL = "-Onone";
			};
			name = Debug;
		};
		5A5896BA20A19AB300D6822F /* Release */ = {
			isa = XCBuildConfiguration;
			buildSettings = {
				ALWAYS_SEARCH_USER_PATHS = NO;
				CLANG_ANALYZER_NONNULL = YES;
				CLANG_ANALYZER_NUMBER_OBJECT_CONVERSION = YES_AGGRESSIVE;
				CLANG_CXX_LANGUAGE_STANDARD = "gnu++14";
				CLANG_CXX_LIBRARY = "libc++";
				CLANG_ENABLE_MODULES = YES;
				CLANG_ENABLE_OBJC_ARC = YES;
				CLANG_ENABLE_OBJC_WEAK = YES;
				CLANG_WARN_BLOCK_CAPTURE_AUTORELEASING = YES;
				CLANG_WARN_BOOL_CONVERSION = YES;
				CLANG_WARN_COMMA = YES;
				CLANG_WARN_CONSTANT_CONVERSION = YES;
				CLANG_WARN_DEPRECATED_OBJC_IMPLEMENTATIONS = YES;
				CLANG_WARN_DIRECT_OBJC_ISA_USAGE = YES_ERROR;
				CLANG_WARN_DOCUMENTATION_COMMENTS = YES;
				CLANG_WARN_EMPTY_BODY = YES;
				CLANG_WARN_ENUM_CONVERSION = YES;
				CLANG_WARN_INFINITE_RECURSION = YES;
				CLANG_WARN_INT_CONVERSION = YES;
				CLANG_WARN_NON_LITERAL_NULL_CONVERSION = YES;
				CLANG_WARN_OBJC_IMPLICIT_RETAIN_SELF = YES;
				CLANG_WARN_OBJC_LITERAL_CONVERSION = YES;
				CLANG_WARN_OBJC_ROOT_CLASS = YES_ERROR;
				CLANG_WARN_RANGE_LOOP_ANALYSIS = YES;
				CLANG_WARN_STRICT_PROTOTYPES = YES;
				CLANG_WARN_SUSPICIOUS_MOVE = YES;
				CLANG_WARN_UNGUARDED_AVAILABILITY = YES_AGGRESSIVE;
				CLANG_WARN_UNREACHABLE_CODE = YES;
				CLANG_WARN__DUPLICATE_METHOD_MATCH = YES;
				CODE_SIGN_IDENTITY = "iPhone Developer";
				COPY_PHASE_STRIP = NO;
				DEBUG_INFORMATION_FORMAT = "dwarf-with-dsym";
				ENABLE_NS_ASSERTIONS = NO;
				ENABLE_STRICT_OBJC_MSGSEND = YES;
				GCC_C_LANGUAGE_STANDARD = gnu11;
				GCC_NO_COMMON_BLOCKS = YES;
				GCC_WARN_64_TO_32_BIT_CONVERSION = YES;
				GCC_WARN_ABOUT_RETURN_TYPE = YES_ERROR;
				GCC_WARN_UNDECLARED_SELECTOR = YES;
				GCC_WARN_UNINITIALIZED_AUTOS = YES_AGGRESSIVE;
				GCC_WARN_UNUSED_FUNCTION = YES;
				GCC_WARN_UNUSED_VARIABLE = YES;
				IPHONEOS_DEPLOYMENT_TARGET = 11.3;
				MTL_ENABLE_DEBUG_INFO = NO;
				SDKROOT = iphoneos;
				SWIFT_COMPILATION_MODE = wholemodule;
				SWIFT_OPTIMIZATION_LEVEL = "-O";
				VALIDATE_PRODUCT = YES;
			};
			name = Release;
		};
		5A5896BC20A19AB300D6822F /* Debug */ = {
			isa = XCBuildConfiguration;
			baseConfigurationReference = 46963D6DB0741903ACEA3DE8 /* Pods-FantasyFieldSales.debug.xcconfig */;
			buildSettings = {
				ASSETCATALOG_COMPILER_APPICON_NAME = AppIcon;
				CODE_SIGN_STYLE = Automatic;
				DEVELOPMENT_TEAM = 376PTV42SM;
				INFOPLIST_FILE = FantasyFieldSales/Info.plist;
				IPHONEOS_DEPLOYMENT_TARGET = 11.4;
				LD_RUNPATH_SEARCH_PATHS = (
					"$(inherited)",
					"@executable_path/Frameworks",
				);
				PRODUCT_BUNDLE_IDENTIFIER = cb.Diageo;
				PRODUCT_NAME = "$(TARGET_NAME)";
				SWIFT_VERSION = 4.0;
				TARGETED_DEVICE_FAMILY = "1,2";
			};
			name = Debug;
		};
		5A5896BD20A19AB300D6822F /* Release */ = {
			isa = XCBuildConfiguration;
			baseConfigurationReference = 24563EC146320117FAC8C6BE /* Pods-FantasyFieldSales.release.xcconfig */;
			buildSettings = {
				ASSETCATALOG_COMPILER_APPICON_NAME = AppIcon;
				CODE_SIGN_STYLE = Automatic;
				DEVELOPMENT_TEAM = 376PTV42SM;
				INFOPLIST_FILE = FantasyFieldSales/Info.plist;
				IPHONEOS_DEPLOYMENT_TARGET = 11.4;
				LD_RUNPATH_SEARCH_PATHS = (
					"$(inherited)",
					"@executable_path/Frameworks",
				);
				PRODUCT_BUNDLE_IDENTIFIER = cb.Diageo;
				PRODUCT_NAME = "$(TARGET_NAME)";
				SWIFT_VERSION = 4.0;
				TARGETED_DEVICE_FAMILY = "1,2";
			};
			name = Release;
		};
/* End XCBuildConfiguration section */

/* Begin XCConfigurationList section */
		5A5896A420A19AB100D6822F /* Build configuration list for PBXProject "FantasyFieldSales" */ = {
			isa = XCConfigurationList;
			buildConfigurations = (
				5A5896B920A19AB300D6822F /* Debug */,
				5A5896BA20A19AB300D6822F /* Release */,
			);
			defaultConfigurationIsVisible = 0;
			defaultConfigurationName = Release;
		};
		5A5896BB20A19AB300D6822F /* Build configuration list for PBXNativeTarget "FantasyFieldSales" */ = {
			isa = XCConfigurationList;
			buildConfigurations = (
				5A5896BC20A19AB300D6822F /* Debug */,
				5A5896BD20A19AB300D6822F /* Release */,
			);
			defaultConfigurationIsVisible = 0;
			defaultConfigurationName = Release;
		};
/* End XCConfigurationList section */
	};
	rootObject = 5A5896A120A19AB100D6822F /* Project object */;
}
